
Microsoft Visual Studio Solution File, Format Version 12.00
# Visual Studio 14
VisualStudioVersion = 14.0.25420.1
MinimumVisualStudioVersion = 10.0.40219.1
Project("{FAE04EC0-301F-11D3-BF4B-00C04F79EFBC}") = "WebAI", "WebAI\WebAI.csproj", "{D493B88C-6A66-4980-ABED-5EB8219134EE}"
	ProjectSection(ProjectDependencies) = postProject
		{32A18E7D-EBD3-452C-8955-9D8A44CE4CA0} = {32A18E7D-EBD3-452C-8955-9D8A44CE4CA0}
		{EB7CC0CF-31E8-4AB2-BAFC-0BE11F020518} = {EB7CC0CF-31E8-4AB2-BAFC-0BE11F020518}
		{235CECE7-7BE9-494C-9D39-9CDA091E2232} = {235CECE7-7BE9-494C-9D39-9CDA091E2232}
	EndProjectSection
EndProject
Project("{FAE04EC0-301F-11D3-BF4B-00C04F79EFBC}") = "Domain", "Domain\Domain.csproj", "{EB7CC0CF-31E8-4AB2-BAFC-0BE11F020518}"
EndProject
Project("{FAE04EC0-301F-11D3-BF4B-00C04F79EFBC}") = "DataAccess", "DataAccess\DataAccess.csproj", "{235CECE7-7BE9-494C-9D39-9CDA091E2232}"
EndProject
Project("{FAE04EC0-301F-11D3-BF4B-00C04F79EFBC}") = "BusinessLogic", "BusinessLogic\BusinessLogic.csproj", "{32A18E7D-EBD3-452C-8955-9D8A44CE4CA0}"
	ProjectSection(ProjectDependencies) = postProject
		{EB7CC0CF-31E8-4AB2-BAFC-0BE11F020518} = {EB7CC0CF-31E8-4AB2-BAFC-0BE11F020518}
		{235CECE7-7BE9-494C-9D39-9CDA091E2232} = {235CECE7-7BE9-494C-9D39-9CDA091E2232}
	EndProjectSection
EndProject
Global
	GlobalSection(SolutionConfigurationPlatforms) = preSolution
		Debug|Any CPU = Debug|Any CPU
		Release|Any CPU = Release|Any CPU
	EndGlobalSection
	GlobalSection(ProjectConfigurationPlatforms) = postSolution
		{D493B88C-6A66-4980-ABED-5EB8219134EE}.Debug|Any CPU.ActiveCfg = Debug|Any CPU
		{D493B88C-6A66-4980-ABED-5EB8219134EE}.Debug|Any CPU.Build.0 = Debug|Any CPU
		{D493B88C-6A66-4980-ABED-5EB8219134EE}.Release|Any CPU.ActiveCfg = Release|Any CPU
		{D493B88C-6A66-4980-ABED-5EB8219134EE}.Release|Any CPU.Build.0 = Release|Any CPU
		{EB7CC0CF-31E8-4AB2-BAFC-0BE11F020518}.Debug|Any CPU.ActiveCfg = Debug|Any CPU
		{EB7CC0CF-31E8-4AB2-BAFC-0BE11F020518}.Debug|Any CPU.Build.0 = Debug|Any CPU
		{EB7CC0CF-31E8-4AB2-BAFC-0BE11F020518}.Release|Any CPU.ActiveCfg = Release|Any CPU
		{EB7CC0CF-31E8-4AB2-BAFC-0BE11F020518}.Release|Any CPU.Build.0 = Release|Any CPU
		{235CECE7-7BE9-494C-9D39-9CDA091E2232}.Debug|Any CPU.ActiveCfg = Debug|Any CPU
		{235CECE7-7BE9-494C-9D39-9CDA091E2232}.Debug|Any CPU.Build.0 = Debug|Any CPU
		{235CECE7-7BE9-494C-9D39-9CDA091E2232}.Release|Any CPU.ActiveCfg = Release|Any CPU
		{235CECE7-7BE9-494C-9D39-9CDA091E2232}.Release|Any CPU.Build.0 = Release|Any CPU
		{32A18E7D-EBD3-452C-8955-9D8A44CE4CA0}.Debug|Any CPU.ActiveCfg = Debug|Any CPU
		{32A18E7D-EBD3-452C-8955-9D8A44CE4CA0}.Debug|Any CPU.Build.0 = Debug|Any CPU
		{32A18E7D-EBD3-452C-8955-9D8A44CE4CA0}.Release|Any CPU.ActiveCfg = Release|Any CPU
		{32A18E7D-EBD3-452C-8955-9D8A44CE4CA0}.Release|Any CPU.Build.0 = Release|Any CPU
	EndGlobalSection
	GlobalSection(SolutionProperties) = preSolution
		HideSolutionNode = FALSE
	EndGlobalSection
EndGlobal
